
Microsoft Visual Studio Solution File, Format Version 12.00
# Visual Studio Version 16
VisualStudioVersion = 16.0.29519.181
MinimumVisualStudioVersion = 10.0.40219.1
Project("{9A19103F-16F7-4668-BE54-9A1E7A4F7556}") = "CreepyCrawly.LanguageDefinition", "CreepyCrawly.LanguageDefinition\CreepyCrawly.LanguageDefinition.csproj", "{442AB389-ECCE-45CD-91D7-E0558D91F55C}"
EndProject
Project("{9A19103F-16F7-4668-BE54-9A1E7A4F7556}") = "CreepyCrawly.LanguageEngine", "CreepyCrawly.LanguageEngine\CreepyCrawly.LanguageEngine.csproj", "{D104D348-3FD5-41B3-A867-75A2ED724851}"
EndProject
Project("{9A19103F-16F7-4668-BE54-9A1E7A4F7556}") = "CreepyCrawly.SeleniumExecutionEngine", "CreepyCrawly.SeleniumExecutionEngine\CreepyCrawly.SeleniumExecutionEngine.csproj", "{CEA89961-78A3-4B12-89EC-9AC761DD8AB5}"
EndProject
Project("{9A19103F-16F7-4668-BE54-9A1E7A4F7556}") = "CreepyCrawly.ExecutionPlanning", "CreepyCrawly.ExecutionPlanning\CreepyCrawly.ExecutionPlanning.csproj", "{4D1AE20D-B1D1-42DB-84FE-A55967152FB4}"
EndProject
Project("{9A19103F-16F7-4668-BE54-9A1E7A4F7556}") = "CreepyCrawly.Output", "CreepyCrawly.Output\CreepyCrawly.Output.csproj", "{F6257EF4-ADCB-41FA-A445-2A56F92D1238}"
EndProject
Project("{9A19103F-16F7-4668-BE54-9A1E7A4F7556}") = "CreepyCrawly.Utils", "CreepyCrawly.Utils\CreepyCrawly.Utils.csproj", "{09DBEA65-BC95-438C-8DFC-9EE34AA8EB41}"
EndProject
Project("{9A19103F-16F7-4668-BE54-9A1E7A4F7556}") = "CreepyCrawly.WPFApp", "CreepyCrawly.WPFApp\CreepyCrawly.WPFApp.csproj", "{30CE6960-4054-49A7-BB5B-87851A4748F0}"
EndProject
Project("{FAE04EC0-301F-11D3-BF4B-00C04F79EFBC}") = "CreepyCrawly.ConsoleApp", "CreepyCrawly.ConsoleApp\CreepyCrawly.ConsoleApp.csproj", "{77B44B99-51EF-4D0A-982C-0ABA883628C4}"
EndProject
Global
	GlobalSection(SolutionConfigurationPlatforms) = preSolution
		Debug|Any CPU = Debug|Any CPU
		Release|Any CPU = Release|Any CPU
	EndGlobalSection
	GlobalSection(ProjectConfigurationPlatforms) = postSolution
		{442AB389-ECCE-45CD-91D7-E0558D91F55C}.Debug|Any CPU.ActiveCfg = Debug|Any CPU
		{442AB389-ECCE-45CD-91D7-E0558D91F55C}.Debug|Any CPU.Build.0 = Debug|Any CPU
		{442AB389-ECCE-45CD-91D7-E0558D91F55C}.Release|Any CPU.ActiveCfg = Release|Any CPU
		{442AB389-ECCE-45CD-91D7-E0558D91F55C}.Release|Any CPU.Build.0 = Release|Any CPU
		{D104D348-3FD5-41B3-A867-75A2ED724851}.Debug|Any CPU.ActiveCfg = Debug|Any CPU
		{D104D348-3FD5-41B3-A867-75A2ED724851}.Debug|Any CPU.Build.0 = Debug|Any CPU
		{D104D348-3FD5-41B3-A867-75A2ED724851}.Release|Any CPU.ActiveCfg = Release|Any CPU
		{D104D348-3FD5-41B3-A867-75A2ED724851}.Release|Any CPU.Build.0 = Release|Any CPU
		{CEA89961-78A3-4B12-89EC-9AC761DD8AB5}.Debug|Any CPU.ActiveCfg = Debug|Any CPU
		{CEA89961-78A3-4B12-89EC-9AC761DD8AB5}.Debug|Any CPU.Build.0 = Debug|Any CPU
		{CEA89961-78A3-4B12-89EC-9AC761DD8AB5}.Release|Any CPU.ActiveCfg = Release|Any CPU
		{CEA89961-78A3-4B12-89EC-9AC761DD8AB5}.Release|Any CPU.Build.0 = Release|Any CPU
		{4D1AE20D-B1D1-42DB-84FE-A55967152FB4}.Debug|Any CPU.ActiveCfg = Debug|Any CPU
		{4D1AE20D-B1D1-42DB-84FE-A55967152FB4}.Debug|Any CPU.Build.0 = Debug|Any CPU
		{4D1AE20D-B1D1-42DB-84FE-A55967152FB4}.Release|Any CPU.ActiveCfg = Release|Any CPU
		{4D1AE20D-B1D1-42DB-84FE-A55967152FB4}.Release|Any CPU.Build.0 = Release|Any CPU
		{F6257EF4-ADCB-41FA-A445-2A56F92D1238}.Debug|Any CPU.ActiveCfg = Debug|Any CPU
		{F6257EF4-ADCB-41FA-A445-2A56F92D1238}.Debug|Any CPU.Build.0 = Debug|Any CPU
		{F6257EF4-ADCB-41FA-A445-2A56F92D1238}.Release|Any CPU.ActiveCfg = Release|Any CPU
		{F6257EF4-ADCB-41FA-A445-2A56F92D1238}.Release|Any CPU.Build.0 = Release|Any CPU
		{09DBEA65-BC95-438C-8DFC-9EE34AA8EB41}.Debug|Any CPU.ActiveCfg = Debug|Any CPU
		{09DBEA65-BC95-438C-8DFC-9EE34AA8EB41}.Debug|Any CPU.Build.0 = Debug|Any CPU
		{09DBEA65-BC95-438C-8DFC-9EE34AA8EB41}.Release|Any CPU.ActiveCfg = Release|Any CPU
		{09DBEA65-BC95-438C-8DFC-9EE34AA8EB41}.Release|Any CPU.Build.0 = Release|Any CPU
		{30CE6960-4054-49A7-BB5B-87851A4748F0}.Debug|Any CPU.ActiveCfg = Debug|Any CPU
		{30CE6960-4054-49A7-BB5B-87851A4748F0}.Debug|Any CPU.Build.0 = Debug|Any CPU
		{30CE6960-4054-49A7-BB5B-87851A4748F0}.Release|Any CPU.ActiveCfg = Release|Any CPU
		{30CE6960-4054-49A7-BB5B-87851A4748F0}.Release|Any CPU.Build.0 = Release|Any CPU
		{77B44B99-51EF-4D0A-982C-0ABA883628C4}.Debug|Any CPU.ActiveCfg = Debug|Any CPU
		{77B44B99-51EF-4D0A-982C-0ABA883628C4}.Debug|Any CPU.Build.0 = Debug|Any CPU
		{77B44B99-51EF-4D0A-982C-0ABA883628C4}.Release|Any CPU.ActiveCfg = Release|Any CPU
		{77B44B99-51EF-4D0A-982C-0ABA883628C4}.Release|Any CPU.Build.0 = Release|Any CPU
	EndGlobalSection
	GlobalSection(SolutionProperties) = preSolution
		HideSolutionNode = FALSE
	EndGlobalSection
	GlobalSection(ExtensibilityGlobals) = postSolution
		SolutionGuid = {1A62B450-EE05-42B1-B188-8FA27934E729}
	EndGlobalSection
EndGlobal
