
Microsoft Visual Studio Solution File, Format Version 12.00
# Visual Studio Version 16
VisualStudioVersion = 16.0.29519.181
MinimumVisualStudioVersion = 10.0.40219.1
Project("{FAE04EC0-301F-11D3-BF4B-00C04F79EFBC}") = "CreepyCrawly.Core", "CreepyCrawly.Core\CreepyCrawly.Core.csproj", "{C4641932-05C5-4FFE-BD58-1BB404E5D881}"
EndProject
Project("{FAE04EC0-301F-11D3-BF4B-00C04F79EFBC}") = "CreepyCrawly.CrawlLang", "CreepyCrawly.CrawlLang\CreepyCrawly.CrawlLang.csproj", "{453A2453-E6A6-4D58-9E98-6C8A960B938A}"
EndProject
Global
	GlobalSection(SolutionConfigurationPlatforms) = preSolution
		Debug|Any CPU = Debug|Any CPU
		Release|Any CPU = Release|Any CPU
	EndGlobalSection
	GlobalSection(ProjectConfigurationPlatforms) = postSolution
		{C4641932-05C5-4FFE-BD58-1BB404E5D881}.Debug|Any CPU.ActiveCfg = Debug|Any CPU
		{C4641932-05C5-4FFE-BD58-1BB404E5D881}.Debug|Any CPU.Build.0 = Debug|Any CPU
		{C4641932-05C5-4FFE-BD58-1BB404E5D881}.Release|Any CPU.ActiveCfg = Release|Any CPU
		{C4641932-05C5-4FFE-BD58-1BB404E5D881}.Release|Any CPU.Build.0 = Release|Any CPU
		{453A2453-E6A6-4D58-9E98-6C8A960B938A}.Debug|Any CPU.ActiveCfg = Debug|Any CPU
		{453A2453-E6A6-4D58-9E98-6C8A960B938A}.Debug|Any CPU.Build.0 = Debug|Any CPU
		{453A2453-E6A6-4D58-9E98-6C8A960B938A}.Release|Any CPU.ActiveCfg = Release|Any CPU
		{453A2453-E6A6-4D58-9E98-6C8A960B938A}.Release|Any CPU.Build.0 = Release|Any CPU
	EndGlobalSection
	GlobalSection(SolutionProperties) = preSolution
		HideSolutionNode = FALSE
	EndGlobalSection
	GlobalSection(ExtensibilityGlobals) = postSolution
		SolutionGuid = {1A62B450-EE05-42B1-B188-8FA27934E729}
	EndGlobalSection
EndGlobal
