
Microsoft Visual Studio Solution File, Format Version 12.00
# Visual Studio 15
VisualStudioVersion = 15.0.28307.852
MinimumVisualStudioVersion = 10.0.40219.1
Project("{FAE04EC0-301F-11D3-BF4B-00C04F79EFBC}") = "CreepyCrawly", "CreepyCrawly\CreepyCrawly.csproj", "{6E750844-6ECB-40ED-8296-7FC92DB285AD}"
EndProject
Global
	GlobalSection(SolutionConfigurationPlatforms) = preSolution
		Debug|Any CPU = Debug|Any CPU
		Release|Any CPU = Release|Any CPU
	EndGlobalSection
	GlobalSection(ProjectConfigurationPlatforms) = postSolution
		{6E750844-6ECB-40ED-8296-7FC92DB285AD}.Debug|Any CPU.ActiveCfg = Debug|Any CPU
		{6E750844-6ECB-40ED-8296-7FC92DB285AD}.Debug|Any CPU.Build.0 = Debug|Any CPU
		{6E750844-6ECB-40ED-8296-7FC92DB285AD}.Release|Any CPU.ActiveCfg = Release|Any CPU
		{6E750844-6ECB-40ED-8296-7FC92DB285AD}.Release|Any CPU.Build.0 = Release|Any CPU
	EndGlobalSection
	GlobalSection(SolutionProperties) = preSolution
		HideSolutionNode = FALSE
	EndGlobalSection
	GlobalSection(ExtensibilityGlobals) = postSolution
		SolutionGuid = {1A62B450-EE05-42B1-B188-8FA27934E729}
	EndGlobalSection
EndGlobal
